// !$*UTF8*$!
{
	archiveVersion = 1;
	classes = {
	};
	objectVersion = 46;
	objects = {

/* Begin PBXBuildFile section */
		332197FC801057F09E0243F2 /* libPods-Egocenter.a in Frameworks */ = {isa = PBXBuildFile; fileRef = B65E744C6C2E72D67B5BC837 /* libPods-Egocenter.a */; };
		332AF9B01B3C524100601371 /* Group.m in Sources */ = {isa = PBXBuildFile; fileRef = 332AF9AF1B3C524100601371 /* Group.m */; };
		336815D21B34633B002B882D /* libsqlite3.dylib in Frameworks */ = {isa = PBXBuildFile; fileRef = 92AECB3A1B2B17F7001B990E /* libsqlite3.dylib */; };
		337CC76A1B46B99800F287C5 /* Link.m in Sources */ = {isa = PBXBuildFile; fileRef = 337CC7691B46B99800F287C5 /* Link.m */; };
		337CC7751B46EBED00F287C5 /* Doctor_button_pressed.png in Resources */ = {isa = PBXBuildFile; fileRef = 337CC7711B46EBED00F287C5 /* Doctor_button_pressed.png */; };
		337CC7761B46EBED00F287C5 /* Doctor_button.png in Resources */ = {isa = PBXBuildFile; fileRef = 337CC7721B46EBED00F287C5 /* Doctor_button.png */; };
		337CC7771B46EBED00F287C5 /* Patient_button_pressed.png in Resources */ = {isa = PBXBuildFile; fileRef = 337CC7731B46EBED00F287C5 /* Patient_button_pressed.png */; };
		337CC7781B46EBED00F287C5 /* Patient_button.png in Resources */ = {isa = PBXBuildFile; fileRef = 337CC7741B46EBED00F287C5 /* Patient_button.png */; };
		337CC77D1B46F0E100F287C5 /* Create_account_button_pressed.png in Resources */ = {isa = PBXBuildFile; fileRef = 337CC7791B46F0E100F287C5 /* Create_account_button_pressed.png */; };
		337CC77E1B46F0E100F287C5 /* Create_account_button.png in Resources */ = {isa = PBXBuildFile; fileRef = 337CC77A1B46F0E100F287C5 /* Create_account_button.png */; };
		337CC77F1B46F0E100F287C5 /* Login_button_pressed.png in Resources */ = {isa = PBXBuildFile; fileRef = 337CC77B1B46F0E100F287C5 /* Login_button_pressed.png */; };
		337CC7801B46F0E100F287C5 /* Login_button.png in Resources */ = {isa = PBXBuildFile; fileRef = 337CC77C1B46F0E100F287C5 /* Login_button.png */; };
		3386487C1B419C2000036772 /* DialViewController.m in Sources */ = {isa = PBXBuildFile; fileRef = 3386487B1B419C2000036772 /* DialViewController.m */; };
		3386487F1B419C2B00036772 /* QuadranViewController.m in Sources */ = {isa = PBXBuildFile; fileRef = 3386487E1B419C2B00036772 /* QuadranViewController.m */; };
		338648821B41B7A600036772 /* SendSurveyViewController.m in Sources */ = {isa = PBXBuildFile; fileRef = 338648811B41B7A600036772 /* SendSurveyViewController.m */; };
		339219AD1B3EE712008B4E3C /* egocenter.sql in Resources */ = {isa = PBXBuildFile; fileRef = 339219AC1B3EE712008B4E3C /* egocenter.sql */; };
		339219B01B3F066D008B4E3C /* WelcomeViewController.m in Sources */ = {isa = PBXBuildFile; fileRef = 339219AF1B3F066D008B4E3C /* WelcomeViewController.m */; };
		339219B31B3F0ACC008B4E3C /* LoginDoctorViewController.m in Sources */ = {isa = PBXBuildFile; fileRef = 339219B21B3F0ACC008B4E3C /* LoginDoctorViewController.m */; };
		339219B61B3F0EB1008B4E3C /* MasterDoctorTableViewController.m in Sources */ = {isa = PBXBuildFile; fileRef = 339219B51B3F0EB1008B4E3C /* MasterDoctorTableViewController.m */; };
		339219BB1B3F0F4F008B4E3C /* DetailDoctorViewController.m in Sources */ = {isa = PBXBuildFile; fileRef = 339219BA1B3F0F4F008B4E3C /* DetailDoctorViewController.m */; };
		33E28E2C1B3AE52500AED2E5 /* JobViewController.m in Sources */ = {isa = PBXBuildFile; fileRef = 33E28E2B1B3AE52500AED2E5 /* JobViewController.m */; };
		33F04EB81B45754B0084809A /* PopoverDoctorTableViewController.m in Sources */ = {isa = PBXBuildFile; fileRef = 33F04EB71B45754B0084809A /* PopoverDoctorTableViewController.m */; };
		33FC050C1B44410500DB6F29 /* RegisterViewController.m in Sources */ = {isa = PBXBuildFile; fileRef = 33FC050B1B44410500DB6F29 /* RegisterViewController.m */; };
		9200268F1B2DF12C0098A66F /* RelationView.m in Sources */ = {isa = PBXBuildFile; fileRef = 9200268E1B2DF12C0098A66F /* RelationView.m */; };
		924537361B2328EF008229F7 /* Relation.m in Sources */ = {isa = PBXBuildFile; fileRef = 924537351B2328EF008229F7 /* Relation.m */; };
		924B7ADF1B2340EF0005FC90 /* RelationViewController.m in Sources */ = {isa = PBXBuildFile; fileRef = 924B7ADE1B2340EF0005FC90 /* RelationViewController.m */; };
		927FA62F1B303D9C00053099 /* AFHTTPRequestOperation.m in Sources */ = {isa = PBXBuildFile; fileRef = 927FA61D1B303D9B00053099 /* AFHTTPRequestOperation.m */; };
		927FA6301B303D9C00053099 /* AFHTTPRequestOperationManager.m in Sources */ = {isa = PBXBuildFile; fileRef = 927FA61F1B303D9B00053099 /* AFHTTPRequestOperationManager.m */; };
		927FA6311B303D9C00053099 /* AFHTTPSessionManager.m in Sources */ = {isa = PBXBuildFile; fileRef = 927FA6211B303D9B00053099 /* AFHTTPSessionManager.m */; };
		927FA6321B303D9C00053099 /* AFNetworkReachabilityManager.m in Sources */ = {isa = PBXBuildFile; fileRef = 927FA6241B303D9B00053099 /* AFNetworkReachabilityManager.m */; };
		927FA6331B303D9C00053099 /* AFSecurityPolicy.m in Sources */ = {isa = PBXBuildFile; fileRef = 927FA6261B303D9B00053099 /* AFSecurityPolicy.m */; };
		927FA6341B303D9C00053099 /* AFURLConnectionOperation.m in Sources */ = {isa = PBXBuildFile; fileRef = 927FA6281B303D9B00053099 /* AFURLConnectionOperation.m */; };
		927FA6351B303D9C00053099 /* AFURLRequestSerialization.m in Sources */ = {isa = PBXBuildFile; fileRef = 927FA62A1B303D9B00053099 /* AFURLRequestSerialization.m */; };
		927FA6361B303D9C00053099 /* AFURLResponseSerialization.m in Sources */ = {isa = PBXBuildFile; fileRef = 927FA62C1B303D9B00053099 /* AFURLResponseSerialization.m */; };
		927FA6371B303D9C00053099 /* AFURLSessionManager.m in Sources */ = {isa = PBXBuildFile; fileRef = 927FA62E1B303D9B00053099 /* AFURLSessionManager.m */; };
		927FA64A1B303DA100053099 /* AFNetworkActivityIndicatorManager.m in Sources */ = {isa = PBXBuildFile; fileRef = 927FA63A1B303DA100053099 /* AFNetworkActivityIndicatorManager.m */; };
		927FA64B1B303DA100053099 /* UIActivityIndicatorView+AFNetworking.m in Sources */ = {isa = PBXBuildFile; fileRef = 927FA63C1B303DA100053099 /* UIActivityIndicatorView+AFNetworking.m */; };
		927FA64C1B303DA100053099 /* UIAlertView+AFNetworking.m in Sources */ = {isa = PBXBuildFile; fileRef = 927FA63E1B303DA100053099 /* UIAlertView+AFNetworking.m */; };
		927FA64D1B303DA100053099 /* UIButton+AFNetworking.m in Sources */ = {isa = PBXBuildFile; fileRef = 927FA6401B303DA100053099 /* UIButton+AFNetworking.m */; };
		927FA64E1B303DA100053099 /* UIImageView+AFNetworking.m in Sources */ = {isa = PBXBuildFile; fileRef = 927FA6421B303DA100053099 /* UIImageView+AFNetworking.m */; };
		927FA64F1B303DA100053099 /* UIProgressView+AFNetworking.m in Sources */ = {isa = PBXBuildFile; fileRef = 927FA6451B303DA100053099 /* UIProgressView+AFNetworking.m */; };
		927FA6501B303DA100053099 /* UIRefreshControl+AFNetworking.m in Sources */ = {isa = PBXBuildFile; fileRef = 927FA6471B303DA100053099 /* UIRefreshControl+AFNetworking.m */; };
		927FA6511B303DA100053099 /* UIWebView+AFNetworking.m in Sources */ = {isa = PBXBuildFile; fileRef = 927FA6491B303DA100053099 /* UIWebView+AFNetworking.m */; };
		927FA6541B303F9300053099 /* LoginViewController.m in Sources */ = {isa = PBXBuildFile; fileRef = 927FA6531B303F9300053099 /* LoginViewController.m */; };
		927FA6571B305FF900053099 /* GroupViewController.m in Sources */ = {isa = PBXBuildFile; fileRef = 927FA6561B305FF900053099 /* GroupViewController.m */; };
		92AECB3D1B2B1805001B990E /* Foundation.framework in Frameworks */ = {isa = PBXBuildFile; fileRef = 92AECB3C1B2B1805001B990E /* Foundation.framework */; };
		92AECB3F1B2B180B001B990E /* UIKit.framework in Frameworks */ = {isa = PBXBuildFile; fileRef = 92AECB3E1B2B180B001B990E /* UIKit.framework */; };
		92AECB411B2B1816001B990E /* CoreGraphics.framework in Frameworks */ = {isa = PBXBuildFile; fileRef = 92AECB401B2B1816001B990E /* CoreGraphics.framework */; };
		92AECB451B2B18CC001B990E /* DBManager.m in Sources */ = {isa = PBXBuildFile; fileRef = 92AECB441B2B18CC001B990E /* DBManager.m */; };
		92DCEAA91B1F56A100760B35 /* main.m in Sources */ = {isa = PBXBuildFile; fileRef = 92DCEAA81B1F56A100760B35 /* main.m */; };
		92DCEAAC1B1F56A100760B35 /* AppDelegate.m in Sources */ = {isa = PBXBuildFile; fileRef = 92DCEAAB1B1F56A100760B35 /* AppDelegate.m */; };
		92DCEAB21B1F56A100760B35 /* ViewController.m in Sources */ = {isa = PBXBuildFile; fileRef = 92DCEAB11B1F56A100760B35 /* ViewController.m */; };
		92DCEAB51B1F56A100760B35 /* Main.storyboard in Resources */ = {isa = PBXBuildFile; fileRef = 92DCEAB31B1F56A100760B35 /* Main.storyboard */; };
		92DCEAB71B1F56A100760B35 /* Images.xcassets in Resources */ = {isa = PBXBuildFile; fileRef = 92DCEAB61B1F56A100760B35 /* Images.xcassets */; };
		92DCEABA1B1F56A100760B35 /* LaunchScreen.xib in Resources */ = {isa = PBXBuildFile; fileRef = 92DCEAB81B1F56A100760B35 /* LaunchScreen.xib */; };
		92DCEAC61B1F56A200760B35 /* EgocenterTests.m in Sources */ = {isa = PBXBuildFile; fileRef = 92DCEAC51B1F56A200760B35 /* EgocenterTests.m */; };
		92DCEAD11B1F596600760B35 /* MasterTableViewController.m in Sources */ = {isa = PBXBuildFile; fileRef = 92DCEAD01B1F596600760B35 /* MasterTableViewController.m */; };
		92DCEAD41B1F5A0F00760B35 /* DetailViewController.m in Sources */ = {isa = PBXBuildFile; fileRef = 92DCEAD31B1F5A0F00760B35 /* DetailViewController.m */; };
/* End PBXBuildFile section */

/* Begin PBXContainerItemProxy section */
		92DCEAC01B1F56A200760B35 /* PBXContainerItemProxy */ = {
			isa = PBXContainerItemProxy;
			containerPortal = 92DCEA9B1B1F56A100760B35 /* Project object */;
			proxyType = 1;
			remoteGlobalIDString = 92DCEAA21B1F56A100760B35;
			remoteInfo = Egocenter;
		};
/* End PBXContainerItemProxy section */

/* Begin PBXFileReference section */
		332AF9AE1B3C524100601371 /* Group.h */ = {isa = PBXFileReference; fileEncoding = 4; lastKnownFileType = sourcecode.c.h; path = Group.h; sourceTree = "<group>"; };
		332AF9AF1B3C524100601371 /* Group.m */ = {isa = PBXFileReference; fileEncoding = 4; lastKnownFileType = sourcecode.c.objc; path = Group.m; sourceTree = "<group>"; };
		337CC7681B46B99800F287C5 /* Link.h */ = {isa = PBXFileReference; fileEncoding = 4; lastKnownFileType = sourcecode.c.h; path = Link.h; sourceTree = "<group>"; };
		337CC7691B46B99800F287C5 /* Link.m */ = {isa = PBXFileReference; fileEncoding = 4; lastKnownFileType = sourcecode.c.objc; path = Link.m; sourceTree = "<group>"; };
		337CC76B1B46EABE00F287C5 /* GothamBold.ttf */ = {isa = PBXFileReference; lastKnownFileType = file; path = GothamBold.ttf; sourceTree = "<group>"; };
		337CC7711B46EBED00F287C5 /* Doctor_button_pressed.png */ = {isa = PBXFileReference; lastKnownFileType = image.png; name = Doctor_button_pressed.png; path = Design/Doctor_button_pressed.png; sourceTree = "<group>"; };
		337CC7721B46EBED00F287C5 /* Doctor_button.png */ = {isa = PBXFileReference; lastKnownFileType = image.png; name = Doctor_button.png; path = Design/Doctor_button.png; sourceTree = "<group>"; };
		337CC7731B46EBED00F287C5 /* Patient_button_pressed.png */ = {isa = PBXFileReference; lastKnownFileType = image.png; name = Patient_button_pressed.png; path = Design/Patient_button_pressed.png; sourceTree = "<group>"; };
		337CC7741B46EBED00F287C5 /* Patient_button.png */ = {isa = PBXFileReference; lastKnownFileType = image.png; name = Patient_button.png; path = Design/Patient_button.png; sourceTree = "<group>"; };
		337CC7791B46F0E100F287C5 /* Create_account_button_pressed.png */ = {isa = PBXFileReference; lastKnownFileType = image.png; name = Create_account_button_pressed.png; path = Design/Create_account_button_pressed.png; sourceTree = "<group>"; };
		337CC77A1B46F0E100F287C5 /* Create_account_button.png */ = {isa = PBXFileReference; lastKnownFileType = image.png; name = Create_account_button.png; path = Design/Create_account_button.png; sourceTree = "<group>"; };
		337CC77B1B46F0E100F287C5 /* Login_button_pressed.png */ = {isa = PBXFileReference; lastKnownFileType = image.png; name = Login_button_pressed.png; path = Design/Login_button_pressed.png; sourceTree = "<group>"; };
		337CC77C1B46F0E100F287C5 /* Login_button.png */ = {isa = PBXFileReference; lastKnownFileType = image.png; name = Login_button.png; path = Design/Login_button.png; sourceTree = "<group>"; };
		3386487A1B419C2000036772 /* DialViewController.h */ = {isa = PBXFileReference; fileEncoding = 4; lastKnownFileType = sourcecode.c.h; path = DialViewController.h; sourceTree = "<group>"; };
		3386487B1B419C2000036772 /* DialViewController.m */ = {isa = PBXFileReference; fileEncoding = 4; lastKnownFileType = sourcecode.c.objc; path = DialViewController.m; sourceTree = "<group>"; };
		3386487D1B419C2B00036772 /* QuadranViewController.h */ = {isa = PBXFileReference; fileEncoding = 4; lastKnownFileType = sourcecode.c.h; path = QuadranViewController.h; sourceTree = "<group>"; };
		3386487E1B419C2B00036772 /* QuadranViewController.m */ = {isa = PBXFileReference; fileEncoding = 4; lastKnownFileType = sourcecode.c.objc; path = QuadranViewController.m; sourceTree = "<group>"; };
		338648801B41B7A600036772 /* SendSurveyViewController.h */ = {isa = PBXFileReference; fileEncoding = 4; lastKnownFileType = sourcecode.c.h; path = SendSurveyViewController.h; sourceTree = "<group>"; };
		338648811B41B7A600036772 /* SendSurveyViewController.m */ = {isa = PBXFileReference; fileEncoding = 4; lastKnownFileType = sourcecode.c.objc; path = SendSurveyViewController.m; sourceTree = "<group>"; };
		339219AC1B3EE712008B4E3C /* egocenter.sql */ = {isa = PBXFileReference; lastKnownFileType = file; path = egocenter.sql; sourceTree = "<group>"; };
		339219AE1B3F066D008B4E3C /* WelcomeViewController.h */ = {isa = PBXFileReference; fileEncoding = 4; lastKnownFileType = sourcecode.c.h; path = WelcomeViewController.h; sourceTree = "<group>"; };
		339219AF1B3F066D008B4E3C /* WelcomeViewController.m */ = {isa = PBXFileReference; fileEncoding = 4; lastKnownFileType = sourcecode.c.objc; path = WelcomeViewController.m; sourceTree = "<group>"; };
		339219B11B3F0ACC008B4E3C /* LoginDoctorViewController.h */ = {isa = PBXFileReference; fileEncoding = 4; lastKnownFileType = sourcecode.c.h; path = LoginDoctorViewController.h; sourceTree = "<group>"; };
		339219B21B3F0ACC008B4E3C /* LoginDoctorViewController.m */ = {isa = PBXFileReference; fileEncoding = 4; lastKnownFileType = sourcecode.c.objc; path = LoginDoctorViewController.m; sourceTree = "<group>"; };
		339219B41B3F0EB1008B4E3C /* MasterDoctorTableViewController.h */ = {isa = PBXFileReference; fileEncoding = 4; lastKnownFileType = sourcecode.c.h; path = MasterDoctorTableViewController.h; sourceTree = "<group>"; };
		339219B51B3F0EB1008B4E3C /* MasterDoctorTableViewController.m */ = {isa = PBXFileReference; fileEncoding = 4; lastKnownFileType = sourcecode.c.objc; path = MasterDoctorTableViewController.m; sourceTree = "<group>"; };
		339219B91B3F0F4F008B4E3C /* DetailDoctorViewController.h */ = {isa = PBXFileReference; fileEncoding = 4; lastKnownFileType = sourcecode.c.h; path = DetailDoctorViewController.h; sourceTree = "<group>"; };
		339219BA1B3F0F4F008B4E3C /* DetailDoctorViewController.m */ = {isa = PBXFileReference; fileEncoding = 4; lastKnownFileType = sourcecode.c.objc; path = DetailDoctorViewController.m; sourceTree = "<group>"; };
		33E28E2A1B3AE52500AED2E5 /* JobViewController.h */ = {isa = PBXFileReference; fileEncoding = 4; lastKnownFileType = sourcecode.c.h; path = JobViewController.h; sourceTree = "<group>"; };
		33E28E2B1B3AE52500AED2E5 /* JobViewController.m */ = {isa = PBXFileReference; fileEncoding = 4; lastKnownFileType = sourcecode.c.objc; path = JobViewController.m; sourceTree = "<group>"; };
		33F04EB61B45754B0084809A /* PopoverDoctorTableViewController.h */ = {isa = PBXFileReference; fileEncoding = 4; lastKnownFileType = sourcecode.c.h; path = PopoverDoctorTableViewController.h; sourceTree = "<group>"; };
		33F04EB71B45754B0084809A /* PopoverDoctorTableViewController.m */ = {isa = PBXFileReference; fileEncoding = 4; lastKnownFileType = sourcecode.c.objc; path = PopoverDoctorTableViewController.m; sourceTree = "<group>"; };
		33FC050A1B44410500DB6F29 /* RegisterViewController.h */ = {isa = PBXFileReference; fileEncoding = 4; lastKnownFileType = sourcecode.c.h; path = RegisterViewController.h; sourceTree = "<group>"; };
		33FC050B1B44410500DB6F29 /* RegisterViewController.m */ = {isa = PBXFileReference; fileEncoding = 4; lastKnownFileType = sourcecode.c.objc; path = RegisterViewController.m; sourceTree = "<group>"; };
		59B036411FDA8E8DD6AFBC40 /* Pods-Egocenter.debug.xcconfig */ = {isa = PBXFileReference; includeInIndex = 1; lastKnownFileType = text.xcconfig; name = "Pods-Egocenter.debug.xcconfig"; path = "Pods/Target Support Files/Pods-Egocenter/Pods-Egocenter.debug.xcconfig"; sourceTree = "<group>"; };
		9200268D1B2DF12C0098A66F /* RelationView.h */ = {isa = PBXFileReference; fileEncoding = 4; lastKnownFileType = sourcecode.c.h; path = RelationView.h; sourceTree = "<group>"; };
		9200268E1B2DF12C0098A66F /* RelationView.m */ = {isa = PBXFileReference; fileEncoding = 4; lastKnownFileType = sourcecode.c.objc; path = RelationView.m; sourceTree = "<group>"; };
		924537341B2328EF008229F7 /* Relation.h */ = {isa = PBXFileReference; fileEncoding = 4; lastKnownFileType = sourcecode.c.h; path = Relation.h; sourceTree = "<group>"; };
		924537351B2328EF008229F7 /* Relation.m */ = {isa = PBXFileReference; fileEncoding = 4; lastKnownFileType = sourcecode.c.objc; path = Relation.m; sourceTree = "<group>"; };
		924B7ADD1B2340EF0005FC90 /* RelationViewController.h */ = {isa = PBXFileReference; fileEncoding = 4; lastKnownFileType = sourcecode.c.h; path = RelationViewController.h; sourceTree = "<group>"; };
		924B7ADE1B2340EF0005FC90 /* RelationViewController.m */ = {isa = PBXFileReference; fileEncoding = 4; lastKnownFileType = sourcecode.c.objc; path = RelationViewController.m; sourceTree = "<group>"; };
		927FA61C1B303D9B00053099 /* AFHTTPRequestOperation.h */ = {isa = PBXFileReference; fileEncoding = 4; lastKnownFileType = sourcecode.c.h; path = AFHTTPRequestOperation.h; sourceTree = "<group>"; };
		927FA61D1B303D9B00053099 /* AFHTTPRequestOperation.m */ = {isa = PBXFileReference; fileEncoding = 4; lastKnownFileType = sourcecode.c.objc; path = AFHTTPRequestOperation.m; sourceTree = "<group>"; };
		927FA61E1B303D9B00053099 /* AFHTTPRequestOperationManager.h */ = {isa = PBXFileReference; fileEncoding = 4; lastKnownFileType = sourcecode.c.h; path = AFHTTPRequestOperationManager.h; sourceTree = "<group>"; };
		927FA61F1B303D9B00053099 /* AFHTTPRequestOperationManager.m */ = {isa = PBXFileReference; fileEncoding = 4; lastKnownFileType = sourcecode.c.objc; path = AFHTTPRequestOperationManager.m; sourceTree = "<group>"; };
		927FA6201B303D9B00053099 /* AFHTTPSessionManager.h */ = {isa = PBXFileReference; fileEncoding = 4; lastKnownFileType = sourcecode.c.h; path = AFHTTPSessionManager.h; sourceTree = "<group>"; };
		927FA6211B303D9B00053099 /* AFHTTPSessionManager.m */ = {isa = PBXFileReference; fileEncoding = 4; lastKnownFileType = sourcecode.c.objc; path = AFHTTPSessionManager.m; sourceTree = "<group>"; };
		927FA6221B303D9B00053099 /* AFNetworking.h */ = {isa = PBXFileReference; fileEncoding = 4; lastKnownFileType = sourcecode.c.h; path = AFNetworking.h; sourceTree = "<group>"; };
		927FA6231B303D9B00053099 /* AFNetworkReachabilityManager.h */ = {isa = PBXFileReference; fileEncoding = 4; lastKnownFileType = sourcecode.c.h; path = AFNetworkReachabilityManager.h; sourceTree = "<group>"; };
		927FA6241B303D9B00053099 /* AFNetworkReachabilityManager.m */ = {isa = PBXFileReference; fileEncoding = 4; lastKnownFileType = sourcecode.c.objc; path = AFNetworkReachabilityManager.m; sourceTree = "<group>"; };
		927FA6251B303D9B00053099 /* AFSecurityPolicy.h */ = {isa = PBXFileReference; fileEncoding = 4; lastKnownFileType = sourcecode.c.h; path = AFSecurityPolicy.h; sourceTree = "<group>"; };
		927FA6261B303D9B00053099 /* AFSecurityPolicy.m */ = {isa = PBXFileReference; fileEncoding = 4; lastKnownFileType = sourcecode.c.objc; path = AFSecurityPolicy.m; sourceTree = "<group>"; };
		927FA6271B303D9B00053099 /* AFURLConnectionOperation.h */ = {isa = PBXFileReference; fileEncoding = 4; lastKnownFileType = sourcecode.c.h; path = AFURLConnectionOperation.h; sourceTree = "<group>"; };
		927FA6281B303D9B00053099 /* AFURLConnectionOperation.m */ = {isa = PBXFileReference; fileEncoding = 4; lastKnownFileType = sourcecode.c.objc; path = AFURLConnectionOperation.m; sourceTree = "<group>"; };
		927FA6291B303D9B00053099 /* AFURLRequestSerialization.h */ = {isa = PBXFileReference; fileEncoding = 4; lastKnownFileType = sourcecode.c.h; path = AFURLRequestSerialization.h; sourceTree = "<group>"; };
		927FA62A1B303D9B00053099 /* AFURLRequestSerialization.m */ = {isa = PBXFileReference; fileEncoding = 4; lastKnownFileType = sourcecode.c.objc; path = AFURLRequestSerialization.m; sourceTree = "<group>"; };
		927FA62B1B303D9B00053099 /* AFURLResponseSerialization.h */ = {isa = PBXFileReference; fileEncoding = 4; lastKnownFileType = sourcecode.c.h; path = AFURLResponseSerialization.h; sourceTree = "<group>"; };
		927FA62C1B303D9B00053099 /* AFURLResponseSerialization.m */ = {isa = PBXFileReference; fileEncoding = 4; lastKnownFileType = sourcecode.c.objc; path = AFURLResponseSerialization.m; sourceTree = "<group>"; };
		927FA62D1B303D9B00053099 /* AFURLSessionManager.h */ = {isa = PBXFileReference; fileEncoding = 4; lastKnownFileType = sourcecode.c.h; path = AFURLSessionManager.h; sourceTree = "<group>"; };
		927FA62E1B303D9B00053099 /* AFURLSessionManager.m */ = {isa = PBXFileReference; fileEncoding = 4; lastKnownFileType = sourcecode.c.objc; path = AFURLSessionManager.m; sourceTree = "<group>"; };
		927FA6391B303DA100053099 /* AFNetworkActivityIndicatorManager.h */ = {isa = PBXFileReference; fileEncoding = 4; lastKnownFileType = sourcecode.c.h; path = AFNetworkActivityIndicatorManager.h; sourceTree = "<group>"; };
		927FA63A1B303DA100053099 /* AFNetworkActivityIndicatorManager.m */ = {isa = PBXFileReference; fileEncoding = 4; lastKnownFileType = sourcecode.c.objc; path = AFNetworkActivityIndicatorManager.m; sourceTree = "<group>"; };
		927FA63B1B303DA100053099 /* UIActivityIndicatorView+AFNetworking.h */ = {isa = PBXFileReference; fileEncoding = 4; lastKnownFileType = sourcecode.c.h; path = "UIActivityIndicatorView+AFNetworking.h"; sourceTree = "<group>"; };
		927FA63C1B303DA100053099 /* UIActivityIndicatorView+AFNetworking.m */ = {isa = PBXFileReference; fileEncoding = 4; lastKnownFileType = sourcecode.c.objc; path = "UIActivityIndicatorView+AFNetworking.m"; sourceTree = "<group>"; };
		927FA63D1B303DA100053099 /* UIAlertView+AFNetworking.h */ = {isa = PBXFileReference; fileEncoding = 4; lastKnownFileType = sourcecode.c.h; path = "UIAlertView+AFNetworking.h"; sourceTree = "<group>"; };
		927FA63E1B303DA100053099 /* UIAlertView+AFNetworking.m */ = {isa = PBXFileReference; fileEncoding = 4; lastKnownFileType = sourcecode.c.objc; path = "UIAlertView+AFNetworking.m"; sourceTree = "<group>"; };
		927FA63F1B303DA100053099 /* UIButton+AFNetworking.h */ = {isa = PBXFileReference; fileEncoding = 4; lastKnownFileType = sourcecode.c.h; path = "UIButton+AFNetworking.h"; sourceTree = "<group>"; };
		927FA6401B303DA100053099 /* UIButton+AFNetworking.m */ = {isa = PBXFileReference; fileEncoding = 4; lastKnownFileType = sourcecode.c.objc; path = "UIButton+AFNetworking.m"; sourceTree = "<group>"; };
		927FA6411B303DA100053099 /* UIImageView+AFNetworking.h */ = {isa = PBXFileReference; fileEncoding = 4; lastKnownFileType = sourcecode.c.h; path = "UIImageView+AFNetworking.h"; sourceTree = "<group>"; };
		927FA6421B303DA100053099 /* UIImageView+AFNetworking.m */ = {isa = PBXFileReference; fileEncoding = 4; lastKnownFileType = sourcecode.c.objc; path = "UIImageView+AFNetworking.m"; sourceTree = "<group>"; };
		927FA6431B303DA100053099 /* UIKit+AFNetworking.h */ = {isa = PBXFileReference; fileEncoding = 4; lastKnownFileType = sourcecode.c.h; path = "UIKit+AFNetworking.h"; sourceTree = "<group>"; };
		927FA6441B303DA100053099 /* UIProgressView+AFNetworking.h */ = {isa = PBXFileReference; fileEncoding = 4; lastKnownFileType = sourcecode.c.h; path = "UIProgressView+AFNetworking.h"; sourceTree = "<group>"; };
		927FA6451B303DA100053099 /* UIProgressView+AFNetworking.m */ = {isa = PBXFileReference; fileEncoding = 4; lastKnownFileType = sourcecode.c.objc; path = "UIProgressView+AFNetworking.m"; sourceTree = "<group>"; };
		927FA6461B303DA100053099 /* UIRefreshControl+AFNetworking.h */ = {isa = PBXFileReference; fileEncoding = 4; lastKnownFileType = sourcecode.c.h; path = "UIRefreshControl+AFNetworking.h"; sourceTree = "<group>"; };
		927FA6471B303DA100053099 /* UIRefreshControl+AFNetworking.m */ = {isa = PBXFileReference; fileEncoding = 4; lastKnownFileType = sourcecode.c.objc; path = "UIRefreshControl+AFNetworking.m"; sourceTree = "<group>"; };
		927FA6481B303DA100053099 /* UIWebView+AFNetworking.h */ = {isa = PBXFileReference; fileEncoding = 4; lastKnownFileType = sourcecode.c.h; path = "UIWebView+AFNetworking.h"; sourceTree = "<group>"; };
		927FA6491B303DA100053099 /* UIWebView+AFNetworking.m */ = {isa = PBXFileReference; fileEncoding = 4; lastKnownFileType = sourcecode.c.objc; path = "UIWebView+AFNetworking.m"; sourceTree = "<group>"; };
		927FA6521B303F9300053099 /* LoginViewController.h */ = {isa = PBXFileReference; fileEncoding = 4; lastKnownFileType = sourcecode.c.h; path = LoginViewController.h; sourceTree = "<group>"; };
		927FA6531B303F9300053099 /* LoginViewController.m */ = {isa = PBXFileReference; fileEncoding = 4; lastKnownFileType = sourcecode.c.objc; path = LoginViewController.m; sourceTree = "<group>"; };
		927FA6551B305FF900053099 /* GroupViewController.h */ = {isa = PBXFileReference; fileEncoding = 4; lastKnownFileType = sourcecode.c.h; path = GroupViewController.h; sourceTree = "<group>"; };
		927FA6561B305FF900053099 /* GroupViewController.m */ = {isa = PBXFileReference; fileEncoding = 4; lastKnownFileType = sourcecode.c.objc; path = GroupViewController.m; sourceTree = "<group>"; };
		92AECB3A1B2B17F7001B990E /* libsqlite3.dylib */ = {isa = PBXFileReference; lastKnownFileType = "compiled.mach-o.dylib"; name = libsqlite3.dylib; path = usr/lib/libsqlite3.dylib; sourceTree = SDKROOT; };
		92AECB3C1B2B1805001B990E /* Foundation.framework */ = {isa = PBXFileReference; lastKnownFileType = wrapper.framework; name = Foundation.framework; path = System/Library/Frameworks/Foundation.framework; sourceTree = SDKROOT; };
		92AECB3E1B2B180B001B990E /* UIKit.framework */ = {isa = PBXFileReference; lastKnownFileType = wrapper.framework; name = UIKit.framework; path = System/Library/Frameworks/UIKit.framework; sourceTree = SDKROOT; };
		92AECB401B2B1816001B990E /* CoreGraphics.framework */ = {isa = PBXFileReference; lastKnownFileType = wrapper.framework; name = CoreGraphics.framework; path = System/Library/Frameworks/CoreGraphics.framework; sourceTree = SDKROOT; };
		92AECB431B2B18CC001B990E /* DBManager.h */ = {isa = PBXFileReference; fileEncoding = 4; lastKnownFileType = sourcecode.c.h; name = DBManager.h; path = ../DBManager.h; sourceTree = "<group>"; };
		92AECB441B2B18CC001B990E /* DBManager.m */ = {isa = PBXFileReference; fileEncoding = 4; lastKnownFileType = sourcecode.c.objc; name = DBManager.m; path = ../DBManager.m; sourceTree = "<group>"; };
		92DCEAA31B1F56A100760B35 /* Egocenter.app */ = {isa = PBXFileReference; explicitFileType = wrapper.application; includeInIndex = 0; path = Egocenter.app; sourceTree = BUILT_PRODUCTS_DIR; };
		92DCEAA71B1F56A100760B35 /* Info.plist */ = {isa = PBXFileReference; lastKnownFileType = text.plist.xml; path = Info.plist; sourceTree = "<group>"; };
		92DCEAA81B1F56A100760B35 /* main.m */ = {isa = PBXFileReference; lastKnownFileType = sourcecode.c.objc; path = main.m; sourceTree = "<group>"; };
		92DCEAAA1B1F56A100760B35 /* AppDelegate.h */ = {isa = PBXFileReference; lastKnownFileType = sourcecode.c.h; path = AppDelegate.h; sourceTree = "<group>"; };
		92DCEAAB1B1F56A100760B35 /* AppDelegate.m */ = {isa = PBXFileReference; lastKnownFileType = sourcecode.c.objc; path = AppDelegate.m; sourceTree = "<group>"; };
		92DCEAB01B1F56A100760B35 /* ViewController.h */ = {isa = PBXFileReference; lastKnownFileType = sourcecode.c.h; path = ViewController.h; sourceTree = "<group>"; };
		92DCEAB11B1F56A100760B35 /* ViewController.m */ = {isa = PBXFileReference; lastKnownFileType = sourcecode.c.objc; path = ViewController.m; sourceTree = "<group>"; };
		92DCEAB41B1F56A100760B35 /* Base */ = {isa = PBXFileReference; lastKnownFileType = file.storyboard; name = Base; path = Base.lproj/Main.storyboard; sourceTree = "<group>"; };
		92DCEAB61B1F56A100760B35 /* Images.xcassets */ = {isa = PBXFileReference; lastKnownFileType = folder.assetcatalog; path = Images.xcassets; sourceTree = "<group>"; };
		92DCEAB91B1F56A100760B35 /* Base */ = {isa = PBXFileReference; lastKnownFileType = file.xib; name = Base; path = Base.lproj/LaunchScreen.xib; sourceTree = "<group>"; };
		92DCEABF1B1F56A200760B35 /* EgocenterTests.xctest */ = {isa = PBXFileReference; explicitFileType = wrapper.cfbundle; includeInIndex = 0; path = EgocenterTests.xctest; sourceTree = BUILT_PRODUCTS_DIR; };
		92DCEAC41B1F56A200760B35 /* Info.plist */ = {isa = PBXFileReference; lastKnownFileType = text.plist.xml; path = Info.plist; sourceTree = "<group>"; };
		92DCEAC51B1F56A200760B35 /* EgocenterTests.m */ = {isa = PBXFileReference; lastKnownFileType = sourcecode.c.objc; path = EgocenterTests.m; sourceTree = "<group>"; };
		92DCEACF1B1F596600760B35 /* MasterTableViewController.h */ = {isa = PBXFileReference; fileEncoding = 4; lastKnownFileType = sourcecode.c.h; path = MasterTableViewController.h; sourceTree = "<group>"; };
		92DCEAD01B1F596600760B35 /* MasterTableViewController.m */ = {isa = PBXFileReference; fileEncoding = 4; lastKnownFileType = sourcecode.c.objc; path = MasterTableViewController.m; sourceTree = "<group>"; };
		92DCEAD21B1F5A0F00760B35 /* DetailViewController.h */ = {isa = PBXFileReference; fileEncoding = 4; lastKnownFileType = sourcecode.c.h; path = DetailViewController.h; sourceTree = "<group>"; };
		92DCEAD31B1F5A0F00760B35 /* DetailViewController.m */ = {isa = PBXFileReference; fileEncoding = 4; lastKnownFileType = sourcecode.c.objc; path = DetailViewController.m; sourceTree = "<group>"; };
		951AC89ECE69C8450DC2F31C /* Pods-Egocenter.release.xcconfig */ = {isa = PBXFileReference; includeInIndex = 1; lastKnownFileType = text.xcconfig; name = "Pods-Egocenter.release.xcconfig"; path = "Pods/Target Support Files/Pods-Egocenter/Pods-Egocenter.release.xcconfig"; sourceTree = "<group>"; };
		B65E744C6C2E72D67B5BC837 /* libPods-Egocenter.a */ = {isa = PBXFileReference; explicitFileType = archive.ar; includeInIndex = 0; path = "libPods-Egocenter.a"; sourceTree = BUILT_PRODUCTS_DIR; };
/* End PBXFileReference section */

/* Begin PBXFrameworksBuildPhase section */
		92DCEAA01B1F56A100760B35 /* Frameworks */ = {
			isa = PBXFrameworksBuildPhase;
			buildActionMask = 2147483647;
			files = (
				336815D21B34633B002B882D /* libsqlite3.dylib in Frameworks */,
				92AECB411B2B1816001B990E /* CoreGraphics.framework in Frameworks */,
				92AECB3F1B2B180B001B990E /* UIKit.framework in Frameworks */,
				92AECB3D1B2B1805001B990E /* Foundation.framework in Frameworks */,
				332197FC801057F09E0243F2 /* libPods-Egocenter.a in Frameworks */,
			);
			runOnlyForDeploymentPostprocessing = 0;
		};
		92DCEABC1B1F56A200760B35 /* Frameworks */ = {
			isa = PBXFrameworksBuildPhase;
			buildActionMask = 2147483647;
			files = (
			);
			runOnlyForDeploymentPostprocessing = 0;
		};
/* End PBXFrameworksBuildPhase section */

/* Begin PBXGroup section */
		337CC76C1B46EAC200F287C5 /* Design */ = {
			isa = PBXGroup;
			children = (
				337CC76B1B46EABE00F287C5 /* GothamBold.ttf */,
				337CC7711B46EBED00F287C5 /* Doctor_button_pressed.png */,
				337CC7721B46EBED00F287C5 /* Doctor_button.png */,
				337CC7731B46EBED00F287C5 /* Patient_button_pressed.png */,
				337CC7791B46F0E100F287C5 /* Create_account_button_pressed.png */,
				337CC77A1B46F0E100F287C5 /* Create_account_button.png */,
				337CC77B1B46F0E100F287C5 /* Login_button_pressed.png */,
				337CC77C1B46F0E100F287C5 /* Login_button.png */,
				337CC7741B46EBED00F287C5 /* Patient_button.png */,
			);
			name = Design;
			sourceTree = "<group>";
		};
		339219B71B3F0ECA008B4E3C /* Patient */ = {
			isa = PBXGroup;
			children = (
				927FA6521B303F9300053099 /* LoginViewController.h */,
				927FA6531B303F9300053099 /* LoginViewController.m */,
				92DCEACF1B1F596600760B35 /* MasterTableViewController.h */,
				92DCEAD01B1F596600760B35 /* MasterTableViewController.m */,
				92DCEAD21B1F5A0F00760B35 /* DetailViewController.h */,
				92DCEAD31B1F5A0F00760B35 /* DetailViewController.m */,
				924B7ADD1B2340EF0005FC90 /* RelationViewController.h */,
				924B7ADE1B2340EF0005FC90 /* RelationViewController.m */,
				927FA6551B305FF900053099 /* GroupViewController.h */,
				927FA6561B305FF900053099 /* GroupViewController.m */,
				33E28E2A1B3AE52500AED2E5 /* JobViewController.h */,
				33E28E2B1B3AE52500AED2E5 /* JobViewController.m */,
			);
			name = Patient;
			sourceTree = "<group>";
		};
		339219B81B3F0ED5008B4E3C /* Doctor */ = {
			isa = PBXGroup;
			children = (
				339219B11B3F0ACC008B4E3C /* LoginDoctorViewController.h */,
				339219B21B3F0ACC008B4E3C /* LoginDoctorViewController.m */,
				33FC050A1B44410500DB6F29 /* RegisterViewController.h */,
				33FC050B1B44410500DB6F29 /* RegisterViewController.m */,
				339219B41B3F0EB1008B4E3C /* MasterDoctorTableViewController.h */,
				339219B51B3F0EB1008B4E3C /* MasterDoctorTableViewController.m */,
				339219B91B3F0F4F008B4E3C /* DetailDoctorViewController.h */,
				339219BA1B3F0F4F008B4E3C /* DetailDoctorViewController.m */,
				33F04EB61B45754B0084809A /* PopoverDoctorTableViewController.h */,
				33F04EB71B45754B0084809A /* PopoverDoctorTableViewController.m */,
				3386487A1B419C2000036772 /* DialViewController.h */,
				3386487B1B419C2000036772 /* DialViewController.m */,
				3386487D1B419C2B00036772 /* QuadranViewController.h */,
				3386487E1B419C2B00036772 /* QuadranViewController.m */,
				338648801B41B7A600036772 /* SendSurveyViewController.h */,
				338648811B41B7A600036772 /* SendSurveyViewController.m */,
			);
			name = Doctor;
			sourceTree = "<group>";
		};
		927FA61B1B303D9B00053099 /* AFNetworking */ = {
			isa = PBXGroup;
			children = (
				927FA6381B303DA100053099 /* UIKit+AFNetworking */,
				927FA61C1B303D9B00053099 /* AFHTTPRequestOperation.h */,
				927FA61D1B303D9B00053099 /* AFHTTPRequestOperation.m */,
				927FA61E1B303D9B00053099 /* AFHTTPRequestOperationManager.h */,
				927FA61F1B303D9B00053099 /* AFHTTPRequestOperationManager.m */,
				927FA6201B303D9B00053099 /* AFHTTPSessionManager.h */,
				927FA6211B303D9B00053099 /* AFHTTPSessionManager.m */,
				927FA6221B303D9B00053099 /* AFNetworking.h */,
				927FA6231B303D9B00053099 /* AFNetworkReachabilityManager.h */,
				927FA6241B303D9B00053099 /* AFNetworkReachabilityManager.m */,
				927FA6251B303D9B00053099 /* AFSecurityPolicy.h */,
				927FA6261B303D9B00053099 /* AFSecurityPolicy.m */,
				927FA6271B303D9B00053099 /* AFURLConnectionOperation.h */,
				927FA6281B303D9B00053099 /* AFURLConnectionOperation.m */,
				927FA6291B303D9B00053099 /* AFURLRequestSerialization.h */,
				927FA62A1B303D9B00053099 /* AFURLRequestSerialization.m */,
				927FA62B1B303D9B00053099 /* AFURLResponseSerialization.h */,
				927FA62C1B303D9B00053099 /* AFURLResponseSerialization.m */,
				927FA62D1B303D9B00053099 /* AFURLSessionManager.h */,
				927FA62E1B303D9B00053099 /* AFURLSessionManager.m */,
			);
			path = AFNetworking;
			sourceTree = "<group>";
		};
		927FA6381B303DA100053099 /* UIKit+AFNetworking */ = {
			isa = PBXGroup;
			children = (
				927FA6391B303DA100053099 /* AFNetworkActivityIndicatorManager.h */,
				927FA63A1B303DA100053099 /* AFNetworkActivityIndicatorManager.m */,
				927FA63B1B303DA100053099 /* UIActivityIndicatorView+AFNetworking.h */,
				927FA63C1B303DA100053099 /* UIActivityIndicatorView+AFNetworking.m */,
				927FA63D1B303DA100053099 /* UIAlertView+AFNetworking.h */,
				927FA63E1B303DA100053099 /* UIAlertView+AFNetworking.m */,
				927FA63F1B303DA100053099 /* UIButton+AFNetworking.h */,
				927FA6401B303DA100053099 /* UIButton+AFNetworking.m */,
				927FA6411B303DA100053099 /* UIImageView+AFNetworking.h */,
				927FA6421B303DA100053099 /* UIImageView+AFNetworking.m */,
				927FA6431B303DA100053099 /* UIKit+AFNetworking.h */,
				927FA6441B303DA100053099 /* UIProgressView+AFNetworking.h */,
				927FA6451B303DA100053099 /* UIProgressView+AFNetworking.m */,
				927FA6461B303DA100053099 /* UIRefreshControl+AFNetworking.h */,
				927FA6471B303DA100053099 /* UIRefreshControl+AFNetworking.m */,
				927FA6481B303DA100053099 /* UIWebView+AFNetworking.h */,
				927FA6491B303DA100053099 /* UIWebView+AFNetworking.m */,
			);
			path = "UIKit+AFNetworking";
			sourceTree = "<group>";
		};
		92AECB421B2B1827001B990E /* Frameworks */ = {
			isa = PBXGroup;
			children = (
				92AECB401B2B1816001B990E /* CoreGraphics.framework */,
				92AECB3E1B2B180B001B990E /* UIKit.framework */,
				92AECB3C1B2B1805001B990E /* Foundation.framework */,
				92AECB3A1B2B17F7001B990E /* libsqlite3.dylib */,
				B65E744C6C2E72D67B5BC837 /* libPods-Egocenter.a */,
			);
			name = Frameworks;
			sourceTree = "<group>";
		};
		92AECB461B2B18DC001B990E /* Object */ = {
			isa = PBXGroup;
			children = (
				339219AC1B3EE712008B4E3C /* egocenter.sql */,
				337CC7681B46B99800F287C5 /* Link.h */,
				337CC7691B46B99800F287C5 /* Link.m */,
				92AECB431B2B18CC001B990E /* DBManager.h */,
				92AECB441B2B18CC001B990E /* DBManager.m */,
				332AF9AE1B3C524100601371 /* Group.h */,
				332AF9AF1B3C524100601371 /* Group.m */,
				9200268D1B2DF12C0098A66F /* RelationView.h */,
				9200268E1B2DF12C0098A66F /* RelationView.m */,
				924537341B2328EF008229F7 /* Relation.h */,
				924537351B2328EF008229F7 /* Relation.m */,
			);
			name = Object;
			sourceTree = "<group>";
		};
		92DCEA9A1B1F56A100760B35 = {
			isa = PBXGroup;
			children = (
				92DCEAA51B1F56A100760B35 /* Egocenter */,
				92DCEAC21B1F56A200760B35 /* EgocenterTests */,
				92AECB421B2B1827001B990E /* Frameworks */,
				92DCEAA41B1F56A100760B35 /* Products */,
				BBC0A41345F2E1EAA031B31C /* Pods */,
			);
			sourceTree = "<group>";
		};
		92DCEAA41B1F56A100760B35 /* Products */ = {
			isa = PBXGroup;
			children = (
				92DCEAA31B1F56A100760B35 /* Egocenter.app */,
				92DCEABF1B1F56A200760B35 /* EgocenterTests.xctest */,
			);
			name = Products;
			sourceTree = "<group>";
		};
		92DCEAA51B1F56A100760B35 /* Egocenter */ = {
			isa = PBXGroup;
			children = (
				92DCEAAA1B1F56A100760B35 /* AppDelegate.h */,
				92DCEAAB1B1F56A100760B35 /* AppDelegate.m */,
				339219AE1B3F066D008B4E3C /* WelcomeViewController.h */,
				339219AF1B3F066D008B4E3C /* WelcomeViewController.m */,
				337CC76C1B46EAC200F287C5 /* Design */,
				92AECB461B2B18DC001B990E /* Object */,
				339219B81B3F0ED5008B4E3C /* Doctor */,
				339219B71B3F0ECA008B4E3C /* Patient */,
				92DCEAB01B1F56A100760B35 /* ViewController.h */,
				92DCEAB11B1F56A100760B35 /* ViewController.m */,
				92DCEAB31B1F56A100760B35 /* Main.storyboard */,
				92DCEAB61B1F56A100760B35 /* Images.xcassets */,
				92DCEAB81B1F56A100760B35 /* LaunchScreen.xib */,
				92DCEAA61B1F56A100760B35 /* Supporting Files */,
			);
			path = Egocenter;
			sourceTree = "<group>";
		};
		92DCEAA61B1F56A100760B35 /* Supporting Files */ = {
			isa = PBXGroup;
			children = (
				927FA61B1B303D9B00053099 /* AFNetworking */,
				92DCEAA71B1F56A100760B35 /* Info.plist */,
				92DCEAA81B1F56A100760B35 /* main.m */,
			);
			name = "Supporting Files";
			sourceTree = "<group>";
		};
		92DCEAC21B1F56A200760B35 /* EgocenterTests */ = {
			isa = PBXGroup;
			children = (
				92DCEAC51B1F56A200760B35 /* EgocenterTests.m */,
				92DCEAC31B1F56A200760B35 /* Supporting Files */,
			);
			path = EgocenterTests;
			sourceTree = "<group>";
		};
		92DCEAC31B1F56A200760B35 /* Supporting Files */ = {
			isa = PBXGroup;
			children = (
				92DCEAC41B1F56A200760B35 /* Info.plist */,
			);
			name = "Supporting Files";
			sourceTree = "<group>";
		};
		BBC0A41345F2E1EAA031B31C /* Pods */ = {
			isa = PBXGroup;
			children = (
				59B036411FDA8E8DD6AFBC40 /* Pods-Egocenter.debug.xcconfig */,
				951AC89ECE69C8450DC2F31C /* Pods-Egocenter.release.xcconfig */,
			);
			name = Pods;
			sourceTree = "<group>";
		};
/* End PBXGroup section */

/* Begin PBXNativeTarget section */
		92DCEAA21B1F56A100760B35 /* Egocenter */ = {
			isa = PBXNativeTarget;
			buildConfigurationList = 92DCEAC91B1F56A200760B35 /* Build configuration list for PBXNativeTarget "Egocenter" */;
			buildPhases = (
				A0640556E480FBE2DE5B2561 /* Check Pods Manifest.lock */,
				92DCEA9F1B1F56A100760B35 /* Sources */,
				92DCEAA01B1F56A100760B35 /* Frameworks */,
				92DCEAA11B1F56A100760B35 /* Resources */,
				94FFBCB7F334E21CC0417B9F /* Copy Pods Resources */,
			);
			buildRules = (
			);
			dependencies = (
			);
			name = Egocenter;
			productName = Egocenter;
			productReference = 92DCEAA31B1F56A100760B35 /* Egocenter.app */;
			productType = "com.apple.product-type.application";
		};
		92DCEABE1B1F56A200760B35 /* EgocenterTests */ = {
			isa = PBXNativeTarget;
			buildConfigurationList = 92DCEACC1B1F56A200760B35 /* Build configuration list for PBXNativeTarget "EgocenterTests" */;
			buildPhases = (
				92DCEABB1B1F56A200760B35 /* Sources */,
				92DCEABC1B1F56A200760B35 /* Frameworks */,
				92DCEABD1B1F56A200760B35 /* Resources */,
			);
			buildRules = (
			);
			dependencies = (
				92DCEAC11B1F56A200760B35 /* PBXTargetDependency */,
			);
			name = EgocenterTests;
			productName = EgocenterTests;
			productReference = 92DCEABF1B1F56A200760B35 /* EgocenterTests.xctest */;
			productType = "com.apple.product-type.bundle.unit-test";
		};
/* End PBXNativeTarget section */

/* Begin PBXProject section */
		92DCEA9B1B1F56A100760B35 /* Project object */ = {
			isa = PBXProject;
			attributes = {
				LastUpgradeCheck = 0620;
				ORGANIZATIONNAME = "Anthony Tuil";
				TargetAttributes = {
					92DCEAA21B1F56A100760B35 = {
						CreatedOnToolsVersion = 6.2;
						DevelopmentTeam = P2M6S8VCGT;
					};
					92DCEABE1B1F56A200760B35 = {
						CreatedOnToolsVersion = 6.2;
						TestTargetID = 92DCEAA21B1F56A100760B35;
					};
				};
			};
			buildConfigurationList = 92DCEA9E1B1F56A100760B35 /* Build configuration list for PBXProject "Egocenter" */;
			compatibilityVersion = "Xcode 3.2";
			developmentRegion = English;
			hasScannedForEncodings = 0;
			knownRegions = (
				en,
				Base,
			);
			mainGroup = 92DCEA9A1B1F56A100760B35;
			productRefGroup = 92DCEAA41B1F56A100760B35 /* Products */;
			projectDirPath = "";
			projectRoot = "";
			targets = (
				92DCEAA21B1F56A100760B35 /* Egocenter */,
				92DCEABE1B1F56A200760B35 /* EgocenterTests */,
			);
		};
/* End PBXProject section */

/* Begin PBXResourcesBuildPhase section */
		92DCEAA11B1F56A100760B35 /* Resources */ = {
			isa = PBXResourcesBuildPhase;
			buildActionMask = 2147483647;
			files = (
				337CC7771B46EBED00F287C5 /* Patient_button_pressed.png in Resources */,
				337CC7761B46EBED00F287C5 /* Doctor_button.png in Resources */,
				337CC77F1B46F0E100F287C5 /* Login_button_pressed.png in Resources */,
				337CC7801B46F0E100F287C5 /* Login_button.png in Resources */,
				337CC77D1B46F0E100F287C5 /* Create_account_button_pressed.png in Resources */,
				92DCEAB51B1F56A100760B35 /* Main.storyboard in Resources */,
				92DCEABA1B1F56A100760B35 /* LaunchScreen.xib in Resources */,
				92DCEAB71B1F56A100760B35 /* Images.xcassets in Resources */,
				337CC7781B46EBED00F287C5 /* Patient_button.png in Resources */,
				337CC7751B46EBED00F287C5 /* Doctor_button_pressed.png in Resources */,
				339219AD1B3EE712008B4E3C /* egocenter.sql in Resources */,
				337CC77E1B46F0E100F287C5 /* Create_account_button.png in Resources */,
			);
			runOnlyForDeploymentPostprocessing = 0;
		};
		92DCEABD1B1F56A200760B35 /* Resources */ = {
			isa = PBXResourcesBuildPhase;
			buildActionMask = 2147483647;
			files = (
			);
			runOnlyForDeploymentPostprocessing = 0;
		};
/* End PBXResourcesBuildPhase section */

/* Begin PBXShellScriptBuildPhase section */
		94FFBCB7F334E21CC0417B9F /* Copy Pods Resources */ = {
			isa = PBXShellScriptBuildPhase;
			buildActionMask = 2147483647;
			files = (
			);
			inputPaths = (
			);
			name = "Copy Pods Resources";
			outputPaths = (
			);
			runOnlyForDeploymentPostprocessing = 0;
			shellPath = /bin/sh;
			shellScript = "\"${SRCROOT}/Pods/Target Support Files/Pods-Egocenter/Pods-Egocenter-resources.sh\"\n";
			showEnvVarsInLog = 0;
		};
		A0640556E480FBE2DE5B2561 /* Check Pods Manifest.lock */ = {
			isa = PBXShellScriptBuildPhase;
			buildActionMask = 2147483647;
			files = (
			);
			inputPaths = (
			);
			name = "Check Pods Manifest.lock";
			outputPaths = (
			);
			runOnlyForDeploymentPostprocessing = 0;
			shellPath = /bin/sh;
			shellScript = "diff \"${PODS_ROOT}/../Podfile.lock\" \"${PODS_ROOT}/Manifest.lock\" > /dev/null\nif [[ $? != 0 ]] ; then\n    cat << EOM\nerror: The sandbox is not in sync with the Podfile.lock. Run 'pod install' or update your CocoaPods installation.\nEOM\n    exit 1\nfi\n";
			showEnvVarsInLog = 0;
		};
/* End PBXShellScriptBuildPhase section */

/* Begin PBXSourcesBuildPhase section */
		92DCEA9F1B1F56A100760B35 /* Sources */ = {
			isa = PBXSourcesBuildPhase;
			buildActionMask = 2147483647;
			files = (
				927FA6571B305FF900053099 /* GroupViewController.m in Sources */,
				927FA6331B303D9C00053099 /* AFSecurityPolicy.m in Sources */,
				924B7ADF1B2340EF0005FC90 /* RelationViewController.m in Sources */,
				927FA6321B303D9C00053099 /* AFNetworkReachabilityManager.m in Sources */,
				338648821B41B7A600036772 /* SendSurveyViewController.m in Sources */,
				92DCEAD11B1F596600760B35 /* MasterTableViewController.m in Sources */,
				3386487F1B419C2B00036772 /* QuadranViewController.m in Sources */,
				927FA64A1B303DA100053099 /* AFNetworkActivityIndicatorManager.m in Sources */,
				927FA6541B303F9300053099 /* LoginViewController.m in Sources */,
				927FA64E1B303DA100053099 /* UIImageView+AFNetworking.m in Sources */,
				339219BB1B3F0F4F008B4E3C /* DetailDoctorViewController.m in Sources */,
				927FA6341B303D9C00053099 /* AFURLConnectionOperation.m in Sources */,
				927FA64B1B303DA100053099 /* UIActivityIndicatorView+AFNetworking.m in Sources */,
				927FA6511B303DA100053099 /* UIWebView+AFNetworking.m in Sources */,
				927FA62F1B303D9C00053099 /* AFHTTPRequestOperation.m in Sources */,
				337CC76A1B46B99800F287C5 /* Link.m in Sources */,
				339219B01B3F066D008B4E3C /* WelcomeViewController.m in Sources */,
				927FA6311B303D9C00053099 /* AFHTTPSessionManager.m in Sources */,
				927FA64C1B303DA100053099 /* UIAlertView+AFNetworking.m in Sources */,
				927FA6351B303D9C00053099 /* AFURLRequestSerialization.m in Sources */,
				92AECB451B2B18CC001B990E /* DBManager.m in Sources */,
				927FA6371B303D9C00053099 /* AFURLSessionManager.m in Sources */,
				339219B61B3F0EB1008B4E3C /* MasterDoctorTableViewController.m in Sources */,
				9200268F1B2DF12C0098A66F /* RelationView.m in Sources */,
				3386487C1B419C2000036772 /* DialViewController.m in Sources */,
				927FA6301B303D9C00053099 /* AFHTTPRequestOperationManager.m in Sources */,
				33E28E2C1B3AE52500AED2E5 /* JobViewController.m in Sources */,
				927FA64F1B303DA100053099 /* UIProgressView+AFNetworking.m in Sources */,
				33FC050C1B44410500DB6F29 /* RegisterViewController.m in Sources */,
				924537361B2328EF008229F7 /* Relation.m in Sources */,
				927FA64D1B303DA100053099 /* UIButton+AFNetworking.m in Sources */,
				927FA6361B303D9C00053099 /* AFURLResponseSerialization.m in Sources */,
				339219B31B3F0ACC008B4E3C /* LoginDoctorViewController.m in Sources */,
				92DCEAAC1B1F56A100760B35 /* AppDelegate.m in Sources */,
				33F04EB81B45754B0084809A /* PopoverDoctorTableViewController.m in Sources */,
				92DCEAB21B1F56A100760B35 /* ViewController.m in Sources */,
				927FA6501B303DA100053099 /* UIRefreshControl+AFNetworking.m in Sources */,
				332AF9B01B3C524100601371 /* Group.m in Sources */,
				92DCEAA91B1F56A100760B35 /* main.m in Sources */,
				92DCEAD41B1F5A0F00760B35 /* DetailViewController.m in Sources */,
			);
			runOnlyForDeploymentPostprocessing = 0;
		};
		92DCEABB1B1F56A200760B35 /* Sources */ = {
			isa = PBXSourcesBuildPhase;
			buildActionMask = 2147483647;
			files = (
				92DCEAC61B1F56A200760B35 /* EgocenterTests.m in Sources */,
			);
			runOnlyForDeploymentPostprocessing = 0;
		};
/* End PBXSourcesBuildPhase section */

/* Begin PBXTargetDependency section */
		92DCEAC11B1F56A200760B35 /* PBXTargetDependency */ = {
			isa = PBXTargetDependency;
			target = 92DCEAA21B1F56A100760B35 /* Egocenter */;
			targetProxy = 92DCEAC01B1F56A200760B35 /* PBXContainerItemProxy */;
		};
/* End PBXTargetDependency section */

/* Begin PBXVariantGroup section */
		92DCEAB31B1F56A100760B35 /* Main.storyboard */ = {
			isa = PBXVariantGroup;
			children = (
				92DCEAB41B1F56A100760B35 /* Base */,
			);
			name = Main.storyboard;
			sourceTree = "<group>";
		};
		92DCEAB81B1F56A100760B35 /* LaunchScreen.xib */ = {
			isa = PBXVariantGroup;
			children = (
				92DCEAB91B1F56A100760B35 /* Base */,
			);
			name = LaunchScreen.xib;
			sourceTree = "<group>";
		};
/* End PBXVariantGroup section */

/* Begin XCBuildConfiguration section */
		92DCEAC71B1F56A200760B35 /* Debug */ = {
			isa = XCBuildConfiguration;
			buildSettings = {
				ALWAYS_SEARCH_USER_PATHS = NO;
				CLANG_CXX_LANGUAGE_STANDARD = "gnu++0x";
				CLANG_CXX_LIBRARY = "libc++";
				CLANG_ENABLE_MODULES = YES;
				CLANG_ENABLE_OBJC_ARC = YES;
				CLANG_WARN_BOOL_CONVERSION = YES;
				CLANG_WARN_CONSTANT_CONVERSION = YES;
				CLANG_WARN_DIRECT_OBJC_ISA_USAGE = YES_ERROR;
				CLANG_WARN_EMPTY_BODY = YES;
				CLANG_WARN_ENUM_CONVERSION = YES;
				CLANG_WARN_INT_CONVERSION = YES;
				CLANG_WARN_OBJC_ROOT_CLASS = YES_ERROR;
				CLANG_WARN_UNREACHABLE_CODE = YES;
				CLANG_WARN__DUPLICATE_METHOD_MATCH = YES;
				"CODE_SIGN_IDENTITY[sdk=iphoneos*]" = "iPhone Developer";
				COPY_PHASE_STRIP = NO;
				ENABLE_STRICT_OBJC_MSGSEND = YES;
				GCC_C_LANGUAGE_STANDARD = gnu99;
				GCC_DYNAMIC_NO_PIC = NO;
				GCC_OPTIMIZATION_LEVEL = 0;
				GCC_PREPROCESSOR_DEFINITIONS = (
					"DEBUG=1",
					"$(inherited)",
				);
				GCC_SYMBOLS_PRIVATE_EXTERN = NO;
				GCC_WARN_64_TO_32_BIT_CONVERSION = YES;
				GCC_WARN_ABOUT_RETURN_TYPE = YES_ERROR;
				GCC_WARN_UNDECLARED_SELECTOR = YES;
				GCC_WARN_UNINITIALIZED_AUTOS = YES_AGGRESSIVE;
				GCC_WARN_UNUSED_FUNCTION = YES;
				GCC_WARN_UNUSED_VARIABLE = YES;
				IPHONEOS_DEPLOYMENT_TARGET = 8.2;
				MTL_ENABLE_DEBUG_INFO = YES;
				ONLY_ACTIVE_ARCH = YES;
				SDKROOT = iphoneos;
				TARGETED_DEVICE_FAMILY = 2;
			};
			name = Debug;
		};
		92DCEAC81B1F56A200760B35 /* Release */ = {
			isa = XCBuildConfiguration;
			buildSettings = {
				ALWAYS_SEARCH_USER_PATHS = NO;
				CLANG_CXX_LANGUAGE_STANDARD = "gnu++0x";
				CLANG_CXX_LIBRARY = "libc++";
				CLANG_ENABLE_MODULES = YES;
				CLANG_ENABLE_OBJC_ARC = YES;
				CLANG_WARN_BOOL_CONVERSION = YES;
				CLANG_WARN_CONSTANT_CONVERSION = YES;
				CLANG_WARN_DIRECT_OBJC_ISA_USAGE = YES_ERROR;
				CLANG_WARN_EMPTY_BODY = YES;
				CLANG_WARN_ENUM_CONVERSION = YES;
				CLANG_WARN_INT_CONVERSION = YES;
				CLANG_WARN_OBJC_ROOT_CLASS = YES_ERROR;
				CLANG_WARN_UNREACHABLE_CODE = YES;
				CLANG_WARN__DUPLICATE_METHOD_MATCH = YES;
				"CODE_SIGN_IDENTITY[sdk=iphoneos*]" = "iPhone Developer";
				COPY_PHASE_STRIP = NO;
				ENABLE_NS_ASSERTIONS = NO;
				ENABLE_STRICT_OBJC_MSGSEND = YES;
				GCC_C_LANGUAGE_STANDARD = gnu99;
				GCC_WARN_64_TO_32_BIT_CONVERSION = YES;
				GCC_WARN_ABOUT_RETURN_TYPE = YES_ERROR;
				GCC_WARN_UNDECLARED_SELECTOR = YES;
				GCC_WARN_UNINITIALIZED_AUTOS = YES_AGGRESSIVE;
				GCC_WARN_UNUSED_FUNCTION = YES;
				GCC_WARN_UNUSED_VARIABLE = YES;
				IPHONEOS_DEPLOYMENT_TARGET = 8.2;
				MTL_ENABLE_DEBUG_INFO = NO;
				SDKROOT = iphoneos;
				TARGETED_DEVICE_FAMILY = 2;
				VALIDATE_PRODUCT = YES;
			};
			name = Release;
		};
		92DCEACA1B1F56A200760B35 /* Debug */ = {
			isa = XCBuildConfiguration;
			baseConfigurationReference = 59B036411FDA8E8DD6AFBC40 /* Pods-Egocenter.debug.xcconfig */;
			buildSettings = {
				ASSETCATALOG_COMPILER_APPICON_NAME = AppIcon;
				CODE_SIGN_IDENTITY = "iPhone Developer";
				INFOPLIST_FILE = Egocenter/Info.plist;
				LD_RUNPATH_SEARCH_PATHS = "$(inherited) @executable_path/Frameworks";
				PRODUCT_NAME = "$(TARGET_NAME)";
			};
			name = Debug;
		};
		92DCEACB1B1F56A200760B35 /* Release */ = {
			isa = XCBuildConfiguration;
			baseConfigurationReference = 951AC89ECE69C8450DC2F31C /* Pods-Egocenter.release.xcconfig */;
			buildSettings = {
				ASSETCATALOG_COMPILER_APPICON_NAME = AppIcon;
				CODE_SIGN_IDENTITY = "iPhone Developer";
				INFOPLIST_FILE = Egocenter/Info.plist;
				LD_RUNPATH_SEARCH_PATHS = "$(inherited) @executable_path/Frameworks";
				PRODUCT_NAME = "$(TARGET_NAME)";
			};
			name = Release;
		};
		92DCEACD1B1F56A200760B35 /* Debug */ = {
			isa = XCBuildConfiguration;
			buildSettings = {
				BUNDLE_LOADER = "$(TEST_HOST)";
				FRAMEWORK_SEARCH_PATHS = (
					"$(SDKROOT)/Developer/Library/Frameworks",
					"$(inherited)",
				);
				GCC_PREPROCESSOR_DEFINITIONS = (
					"DEBUG=1",
					"$(inherited)",
				);
				INFOPLIST_FILE = EgocenterTests/Info.plist;
				LD_RUNPATH_SEARCH_PATHS = "$(inherited) @executable_path/Frameworks @loader_path/Frameworks";
				PRODUCT_NAME = "$(TARGET_NAME)";
				TEST_HOST = "$(BUILT_PRODUCTS_DIR)/Egocenter.app/Egocenter";
			};
			name = Debug;
		};
		92DCEACE1B1F56A200760B35 /* Release */ = {
			isa = XCBuildConfiguration;
			buildSettings = {
				BUNDLE_LOADER = "$(TEST_HOST)";
				FRAMEWORK_SEARCH_PATHS = (
					"$(SDKROOT)/Developer/Library/Frameworks",
					"$(inherited)",
				);
				INFOPLIST_FILE = EgocenterTests/Info.plist;
				LD_RUNPATH_SEARCH_PATHS = "$(inherited) @executable_path/Frameworks @loader_path/Frameworks";
				PRODUCT_NAME = "$(TARGET_NAME)";
				TEST_HOST = "$(BUILT_PRODUCTS_DIR)/Egocenter.app/Egocenter";
			};
			name = Release;
		};
/* End XCBuildConfiguration section */

/* Begin XCConfigurationList section */
		92DCEA9E1B1F56A100760B35 /* Build configuration list for PBXProject "Egocenter" */ = {
			isa = XCConfigurationList;
			buildConfigurations = (
				92DCEAC71B1F56A200760B35 /* Debug */,
				92DCEAC81B1F56A200760B35 /* Release */,
			);
			defaultConfigurationIsVisible = 0;
			defaultConfigurationName = Release;
		};
		92DCEAC91B1F56A200760B35 /* Build configuration list for PBXNativeTarget "Egocenter" */ = {
			isa = XCConfigurationList;
			buildConfigurations = (
				92DCEACA1B1F56A200760B35 /* Debug */,
				92DCEACB1B1F56A200760B35 /* Release */,
			);
			defaultConfigurationIsVisible = 0;
			defaultConfigurationName = Release;
		};
		92DCEACC1B1F56A200760B35 /* Build configuration list for PBXNativeTarget "EgocenterTests" */ = {
			isa = XCConfigurationList;
			buildConfigurations = (
				92DCEACD1B1F56A200760B35 /* Debug */,
				92DCEACE1B1F56A200760B35 /* Release */,
			);
			defaultConfigurationIsVisible = 0;
			defaultConfigurationName = Release;
		};
/* End XCConfigurationList section */
	};
	rootObject = 92DCEA9B1B1F56A100760B35 /* Project object */;
}
